
Microsoft Visual Studio Solution File, Format Version 12.00
# Visual Studio Version 16
VisualStudioVersion = 16.0.31624.102
MinimumVisualStudioVersion = 10.0.40219.1
Project("{FAE04EC0-301F-11D3-BF4B-00C04F79EFBC}") = "OblTCPServer", "OblTCPServer.csproj", "{772D40D4-1D1C-4690-BAAA-D17EA4D244F8}"
EndProject
Global
	GlobalSection(SolutionConfigurationPlatforms) = preSolution
		Debug|Any CPU = Debug|Any CPU
		Release|Any CPU = Release|Any CPU
	EndGlobalSection
	GlobalSection(ProjectConfigurationPlatforms) = postSolution
		{772D40D4-1D1C-4690-BAAA-D17EA4D244F8}.Debug|Any CPU.ActiveCfg = Debug|Any CPU
		{772D40D4-1D1C-4690-BAAA-D17EA4D244F8}.Debug|Any CPU.Build.0 = Debug|Any CPU
		{772D40D4-1D1C-4690-BAAA-D17EA4D244F8}.Release|Any CPU.ActiveCfg = Release|Any CPU
		{772D40D4-1D1C-4690-BAAA-D17EA4D244F8}.Release|Any CPU.Build.0 = Release|Any CPU
	EndGlobalSection
	GlobalSection(SolutionProperties) = preSolution
		HideSolutionNode = FALSE
	EndGlobalSection
	GlobalSection(ExtensibilityGlobals) = postSolution
		SolutionGuid = {7F9F4500-5D6A-408B-B1F3-D639897D9AAB}
	EndGlobalSection
EndGlobal
